
Microsoft Visual Studio Solution File, Format Version 12.00
# Visual Studio Version 16
VisualStudioVersion = 16.0.33130.400
MinimumVisualStudioVersion = 10.0.40219.1
Project("{FAE04EC0-301F-11D3-BF4B-00C04F79EFBC}") = "C971.Android", "C971\C971.Android\C971.Android.csproj", "{77DC6103-E952-474A-A8BB-9C5590CB2845}"
EndProject
Project("{FAE04EC0-301F-11D3-BF4B-00C04F79EFBC}") = "C971", "C971\C971\C971.csproj", "{412023B6-1D32-4ECA-95A0-B10F6F83880C}"
EndProject
Global
	GlobalSection(SolutionConfigurationPlatforms) = preSolution
		Debug|Any CPU = Debug|Any CPU
		Release|Any CPU = Release|Any CPU
	EndGlobalSection
	GlobalSection(ProjectConfigurationPlatforms) = postSolution
		{77DC6103-E952-474A-A8BB-9C5590CB2845}.Debug|Any CPU.ActiveCfg = Debug|Any CPU
		{77DC6103-E952-474A-A8BB-9C5590CB2845}.Debug|Any CPU.Build.0 = Debug|Any CPU
		{77DC6103-E952-474A-A8BB-9C5590CB2845}.Debug|Any CPU.Deploy.0 = Debug|Any CPU
		{77DC6103-E952-474A-A8BB-9C5590CB2845}.Release|Any CPU.ActiveCfg = Release|Any CPU
		{77DC6103-E952-474A-A8BB-9C5590CB2845}.Release|Any CPU.Build.0 = Release|Any CPU
		{77DC6103-E952-474A-A8BB-9C5590CB2845}.Release|Any CPU.Deploy.0 = Release|Any CPU
		{412023B6-1D32-4ECA-95A0-B10F6F83880C}.Debug|Any CPU.ActiveCfg = Debug|Any CPU
		{412023B6-1D32-4ECA-95A0-B10F6F83880C}.Debug|Any CPU.Build.0 = Debug|Any CPU
		{412023B6-1D32-4ECA-95A0-B10F6F83880C}.Debug|Any CPU.Deploy.0 = Debug|Any CPU
		{412023B6-1D32-4ECA-95A0-B10F6F83880C}.Release|Any CPU.ActiveCfg = Release|Any CPU
		{412023B6-1D32-4ECA-95A0-B10F6F83880C}.Release|Any CPU.Build.0 = Release|Any CPU
		{412023B6-1D32-4ECA-95A0-B10F6F83880C}.Release|Any CPU.Deploy.0 = Release|Any CPU
	EndGlobalSection
	GlobalSection(SolutionProperties) = preSolution
		HideSolutionNode = FALSE
	EndGlobalSection
	GlobalSection(ExtensibilityGlobals) = postSolution
		SolutionGuid = {FB647CBE-2E1E-4651-BB07-1F43F7A80310}
	EndGlobalSection
EndGlobal
